// !$*UTF8*$!
{
	archiveVersion = 1;
	classes = {
	};
	objectVersion = 50;
	objects = {

/* Begin PBXBuildFile section */
		D238470123B9C50700C0BFA5 /* SwiftUIViewPage1.swift in Sources */ = {isa = PBXBuildFile; fileRef = D238470023B9C50700C0BFA5 /* SwiftUIViewPage1.swift */; };
		D23F088D23B8729800607A1E /* AppDelegate.swift in Sources */ = {isa = PBXBuildFile; fileRef = D23F088C23B8729800607A1E /* AppDelegate.swift */; };
		D23F088F23B8729800607A1E /* SceneDelegate.swift in Sources */ = {isa = PBXBuildFile; fileRef = D23F088E23B8729800607A1E /* SceneDelegate.swift */; };
		D23F089123B8729800607A1E /* ContentView.swift in Sources */ = {isa = PBXBuildFile; fileRef = D23F089023B8729800607A1E /* ContentView.swift */; };
		D23F089323B8729900607A1E /* Assets.xcassets in Resources */ = {isa = PBXBuildFile; fileRef = D23F089223B8729900607A1E /* Assets.xcassets */; };
		D23F089623B8729900607A1E /* Preview Assets.xcassets in Resources */ = {isa = PBXBuildFile; fileRef = D23F089523B8729900607A1E /* Preview Assets.xcassets */; };
		D23F089923B8729900607A1E /* LaunchScreen.storyboard in Resources */ = {isa = PBXBuildFile; fileRef = D23F089723B8729900607A1E /* LaunchScreen.storyboard */; };
		D23F08A423B8729900607A1E /* demo2Tests.swift in Sources */ = {isa = PBXBuildFile; fileRef = D23F08A323B8729900607A1E /* demo2Tests.swift */; };
		D23F08AF23B8729900607A1E /* demo2UITests.swift in Sources */ = {isa = PBXBuildFile; fileRef = D23F08AE23B8729900607A1E /* demo2UITests.swift */; };
/* End PBXBuildFile section */

/* Begin PBXContainerItemProxy section */
		D23F08A023B8729900607A1E /* PBXContainerItemProxy */ = {
			isa = PBXContainerItemProxy;
			containerPortal = D23F088123B8729800607A1E /* Project object */;
			proxyType = 1;
			remoteGlobalIDString = D23F088823B8729800607A1E;
			remoteInfo = demo2;
		};
		D23F08AB23B8729900607A1E /* PBXContainerItemProxy */ = {
			isa = PBXContainerItemProxy;
			containerPortal = D23F088123B8729800607A1E /* Project object */;
			proxyType = 1;
			remoteGlobalIDString = D23F088823B8729800607A1E;
			remoteInfo = demo2;
		};
/* End PBXContainerItemProxy section */

/* Begin PBXFileReference section */
		D238470023B9C50700C0BFA5 /* SwiftUIViewPage1.swift */ = {isa = PBXFileReference; lastKnownFileType = sourcecode.swift; path = SwiftUIViewPage1.swift; sourceTree = "<group>"; };
		D23F088923B8729800607A1E /* demo2.app */ = {isa = PBXFileReference; explicitFileType = wrapper.application; includeInIndex = 0; path = demo2.app; sourceTree = BUILT_PRODUCTS_DIR; };
		D23F088C23B8729800607A1E /* AppDelegate.swift */ = {isa = PBXFileReference; lastKnownFileType = sourcecode.swift; path = AppDelegate.swift; sourceTree = "<group>"; };
		D23F088E23B8729800607A1E /* SceneDelegate.swift */ = {isa = PBXFileReference; lastKnownFileType = sourcecode.swift; path = SceneDelegate.swift; sourceTree = "<group>"; };
		D23F089023B8729800607A1E /* ContentView.swift */ = {isa = PBXFileReference; lastKnownFileType = sourcecode.swift; path = ContentView.swift; sourceTree = "<group>"; };
		D23F089223B8729900607A1E /* Assets.xcassets */ = {isa = PBXFileReference; lastKnownFileType = folder.assetcatalog; path = Assets.xcassets; sourceTree = "<group>"; };
		D23F089523B8729900607A1E /* Preview Assets.xcassets */ = {isa = PBXFileReference; lastKnownFileType = folder.assetcatalog; path = "Preview Assets.xcassets"; sourceTree = "<group>"; };
		D23F089823B8729900607A1E /* Base */ = {isa = PBXFileReference; lastKnownFileType = file.storyboard; name = Base; path = Base.lproj/LaunchScreen.storyboard; sourceTree = "<group>"; };
		D23F089A23B8729900607A1E /* Info.plist */ = {isa = PBXFileReference; lastKnownFileType = text.plist.xml; path = Info.plist; sourceTree = "<group>"; };
		D23F089F23B8729900607A1E /* demo2Tests.xctest */ = {isa = PBXFileReference; explicitFileType = wrapper.cfbundle; includeInIndex = 0; path = demo2Tests.xctest; sourceTree = BUILT_PRODUCTS_DIR; };
		D23F08A323B8729900607A1E /* demo2Tests.swift */ = {isa = PBXFileReference; lastKnownFileType = sourcecode.swift; path = demo2Tests.swift; sourceTree = "<group>"; };
		D23F08A523B8729900607A1E /* Info.plist */ = {isa = PBXFileReference; lastKnownFileType = text.plist.xml; path = Info.plist; sourceTree = "<group>"; };
		D23F08AA23B8729900607A1E /* demo2UITests.xctest */ = {isa = PBXFileReference; explicitFileType = wrapper.cfbundle; includeInIndex = 0; path = demo2UITests.xctest; sourceTree = BUILT_PRODUCTS_DIR; };
		D23F08AE23B8729900607A1E /* demo2UITests.swift */ = {isa = PBXFileReference; lastKnownFileType = sourcecode.swift; path = demo2UITests.swift; sourceTree = "<group>"; };
		D23F08B023B8729900607A1E /* Info.plist */ = {isa = PBXFileReference; lastKnownFileType = text.plist.xml; path = Info.plist; sourceTree = "<group>"; };
/* End PBXFileReference section */

/* Begin PBXFrameworksBuildPhase section */
		D23F088623B8729800607A1E /* Frameworks */ = {
			isa = PBXFrameworksBuildPhase;
			buildActionMask = 2147483647;
			files = (
			);
			runOnlyForDeploymentPostprocessing = 0;
		};
		D23F089C23B8729900607A1E /* Frameworks */ = {
			isa = PBXFrameworksBuildPhase;
			buildActionMask = 2147483647;
			files = (
			);
			runOnlyForDeploymentPostprocessing = 0;
		};
		D23F08A723B8729900607A1E /* Frameworks */ = {
			isa = PBXFrameworksBuildPhase;
			buildActionMask = 2147483647;
			files = (
			);
			runOnlyForDeploymentPostprocessing = 0;
		};
/* End PBXFrameworksBuildPhase section */

/* Begin PBXGroup section */
		D23846FF23B9C4B300C0BFA5 /* pages */ = {
			isa = PBXGroup;
			children = (
				D238470023B9C50700C0BFA5 /* SwiftUIViewPage1.swift */,
			);
			path = pages;
			sourceTree = "<group>";
		};
		D23F088023B8729800607A1E = {
			isa = PBXGroup;
			children = (
				D23F088B23B8729800607A1E /* demo2 */,
				D23F08A223B8729900607A1E /* demo2Tests */,
				D23F08AD23B8729900607A1E /* demo2UITests */,
				D23F088A23B8729800607A1E /* Products */,
			);
			sourceTree = "<group>";
		};
		D23F088A23B8729800607A1E /* Products */ = {
			isa = PBXGroup;
			children = (
				D23F088923B8729800607A1E /* demo2.app */,
				D23F089F23B8729900607A1E /* demo2Tests.xctest */,
				D23F08AA23B8729900607A1E /* demo2UITests.xctest */,
			);
			name = Products;
			sourceTree = "<group>";
		};
		D23F088B23B8729800607A1E /* demo2 */ = {
			isa = PBXGroup;
			children = (
				D23846FF23B9C4B300C0BFA5 /* pages */,
				D23F088C23B8729800607A1E /* AppDelegate.swift */,
				D23F088E23B8729800607A1E /* SceneDelegate.swift */,
				D23F089023B8729800607A1E /* ContentView.swift */,
				D23F089223B8729900607A1E /* Assets.xcassets */,
				D23F089723B8729900607A1E /* LaunchScreen.storyboard */,
				D23F089A23B8729900607A1E /* Info.plist */,
				D23F089423B8729900607A1E /* Preview Content */,
			);
			path = demo2;
			sourceTree = "<group>";
		};
		D23F089423B8729900607A1E /* Preview Content */ = {
			isa = PBXGroup;
			children = (
				D23F089523B8729900607A1E /* Preview Assets.xcassets */,
			);
			path = "Preview Content";
			sourceTree = "<group>";
		};
		D23F08A223B8729900607A1E /* demo2Tests */ = {
			isa = PBXGroup;
			children = (
				D23F08A323B8729900607A1E /* demo2Tests.swift */,
				D23F08A523B8729900607A1E /* Info.plist */,
			);
			path = demo2Tests;
			sourceTree = "<group>";
		};
		D23F08AD23B8729900607A1E /* demo2UITests */ = {
			isa = PBXGroup;
			children = (
				D23F08AE23B8729900607A1E /* demo2UITests.swift */,
				D23F08B023B8729900607A1E /* Info.plist */,
			);
			path = demo2UITests;
			sourceTree = "<group>";
		};
/* End PBXGroup section */

/* Begin PBXNativeTarget section */
		D23F088823B8729800607A1E /* demo2 */ = {
			isa = PBXNativeTarget;
			buildConfigurationList = D23F08B323B8729900607A1E /* Build configuration list for PBXNativeTarget "demo2" */;
			buildPhases = (
				D23F088523B8729800607A1E /* Sources */,
				D23F088623B8729800607A1E /* Frameworks */,
				D23F088723B8729800607A1E /* Resources */,
			);
			buildRules = (
			);
			dependencies = (
			);
			name = demo2;
			productName = demo2;
			productReference = D23F088923B8729800607A1E /* demo2.app */;
			productType = "com.apple.product-type.application";
		};
		D23F089E23B8729900607A1E /* demo2Tests */ = {
			isa = PBXNativeTarget;
			buildConfigurationList = D23F08B623B8729900607A1E /* Build configuration list for PBXNativeTarget "demo2Tests" */;
			buildPhases = (
				D23F089B23B8729900607A1E /* Sources */,
				D23F089C23B8729900607A1E /* Frameworks */,
				D23F089D23B8729900607A1E /* Resources */,
			);
			buildRules = (
			);
			dependencies = (
				D23F08A123B8729900607A1E /* PBXTargetDependency */,
			);
			name = demo2Tests;
			productName = demo2Tests;
			productReference = D23F089F23B8729900607A1E /* demo2Tests.xctest */;
			productType = "com.apple.product-type.bundle.unit-test";
		};
		D23F08A923B8729900607A1E /* demo2UITests */ = {
			isa = PBXNativeTarget;
			buildConfigurationList = D23F08B923B8729900607A1E /* Build configuration list for PBXNativeTarget "demo2UITests" */;
			buildPhases = (
				D23F08A623B8729900607A1E /* Sources */,
				D23F08A723B8729900607A1E /* Frameworks */,
				D23F08A823B8729900607A1E /* Resources */,
			);
			buildRules = (
			);
			dependencies = (
				D23F08AC23B8729900607A1E /* PBXTargetDependency */,
			);
			name = demo2UITests;
			productName = demo2UITests;
			productReference = D23F08AA23B8729900607A1E /* demo2UITests.xctest */;
			productType = "com.apple.product-type.bundle.ui-testing";
		};
/* End PBXNativeTarget section */

/* Begin PBXProject section */
		D23F088123B8729800607A1E /* Project object */ = {
			isa = PBXProject;
			attributes = {
				LastSwiftUpdateCheck = 1130;
				LastUpgradeCheck = 1130;
				ORGANIZATIONNAME = "yw c";
				TargetAttributes = {
					D23F088823B8729800607A1E = {
						CreatedOnToolsVersion = 11.3;
					};
					D23F089E23B8729900607A1E = {
						CreatedOnToolsVersion = 11.3;
						TestTargetID = D23F088823B8729800607A1E;
					};
					D23F08A923B8729900607A1E = {
						CreatedOnToolsVersion = 11.3;
						TestTargetID = D23F088823B8729800607A1E;
					};
				};
			};
			buildConfigurationList = D23F088423B8729800607A1E /* Build configuration list for PBXProject "demo2" */;
			compatibilityVersion = "Xcode 9.3";
			developmentRegion = en;
			hasScannedForEncodings = 0;
			knownRegions = (
				en,
				Base,
			);
			mainGroup = D23F088023B8729800607A1E;
			productRefGroup = D23F088A23B8729800607A1E /* Products */;
			projectDirPath = "";
			projectRoot = "";
			targets = (
				D23F088823B8729800607A1E /* demo2 */,
				D23F089E23B8729900607A1E /* demo2Tests */,
				D23F08A923B8729900607A1E /* demo2UITests */,
			);
		};
/* End PBXProject section */

/* Begin PBXResourcesBuildPhase section */
		D23F088723B8729800607A1E /* Resources */ = {
			isa = PBXResourcesBuildPhase;
			buildActionMask = 2147483647;
			files = (
				D23F089923B8729900607A1E /* LaunchScreen.storyboard in Resources */,
				D23F089623B8729900607A1E /* Preview Assets.xcassets in Resources */,
				D23F089323B8729900607A1E /* Assets.xcassets in Resources */,
			);
			runOnlyForDeploymentPostprocessing = 0;
		};
		D23F089D23B8729900607A1E /* Resources */ = {
			isa = PBXResourcesBuildPhase;
			buildActionMask = 2147483647;
			files = (
			);
			runOnlyForDeploymentPostprocessing = 0;
		};
		D23F08A823B8729900607A1E /* Resources */ = {
			isa = PBXResourcesBuildPhase;
			buildActionMask = 2147483647;
			files = (
			);
			runOnlyForDeploymentPostprocessing = 0;
		};
/* End PBXResourcesBuildPhase section */

/* Begin PBXSourcesBuildPhase section */
		D23F088523B8729800607A1E /* Sources */ = {
			isa = PBXSourcesBuildPhase;
			buildActionMask = 2147483647;
			files = (
				D23F088D23B8729800607A1E /* AppDelegate.swift in Sources */,
				D238470123B9C50700C0BFA5 /* SwiftUIViewPage1.swift in Sources */,
				D23F088F23B8729800607A1E /* SceneDelegate.swift in Sources */,
				D23F089123B8729800607A1E /* ContentView.swift in Sources */,
			);
			runOnlyForDeploymentPostprocessing = 0;
		};
		D23F089B23B8729900607A1E /* Sources */ = {
			isa = PBXSourcesBuildPhase;
			buildActionMask = 2147483647;
			files = (
				D23F08A423B8729900607A1E /* demo2Tests.swift in Sources */,
			);
			runOnlyForDeploymentPostprocessing = 0;
		};
		D23F08A623B8729900607A1E /* Sources */ = {
			isa = PBXSourcesBuildPhase;
			buildActionMask = 2147483647;
			files = (
				D23F08AF23B8729900607A1E /* demo2UITests.swift in Sources */,
			);
			runOnlyForDeploymentPostprocessing = 0;
		};
/* End PBXSourcesBuildPhase section */

/* Begin PBXTargetDependency section */
		D23F08A123B8729900607A1E /* PBXTargetDependency */ = {
			isa = PBXTargetDependency;
			target = D23F088823B8729800607A1E /* demo2 */;
			targetProxy = D23F08A023B8729900607A1E /* PBXContainerItemProxy */;
		};
		D23F08AC23B8729900607A1E /* PBXTargetDependency */ = {
			isa = PBXTargetDependency;
			target = D23F088823B8729800607A1E /* demo2 */;
			targetProxy = D23F08AB23B8729900607A1E /* PBXContainerItemProxy */;
		};
/* End PBXTargetDependency section */

/* Begin PBXVariantGroup section */
		D23F089723B8729900607A1E /* LaunchScreen.storyboard */ = {
			isa = PBXVariantGroup;
			children = (
				D23F089823B8729900607A1E /* Base */,
			);
			name = LaunchScreen.storyboard;
			sourceTree = "<group>";
		};
/* End PBXVariantGroup section */

/* Begin XCBuildConfiguration section */
		D23F08B123B8729900607A1E /* Debug */ = {
			isa = XCBuildConfiguration;
			buildSettings = {
				ALWAYS_SEARCH_USER_PATHS = NO;
				CLANG_ANALYZER_NONNULL = YES;
				CLANG_ANALYZER_NUMBER_OBJECT_CONVERSION = YES_AGGRESSIVE;
				CLANG_CXX_LANGUAGE_STANDARD = "gnu++14";
				CLANG_CXX_LIBRARY = "libc++";
				CLANG_ENABLE_MODULES = YES;
				CLANG_ENABLE_OBJC_ARC = YES;
				CLANG_ENABLE_OBJC_WEAK = YES;
				CLANG_WARN_BLOCK_CAPTURE_AUTORELEASING = YES;
				CLANG_WARN_BOOL_CONVERSION = YES;
				CLANG_WARN_COMMA = YES;
				CLANG_WARN_CONSTANT_CONVERSION = YES;
				CLANG_WARN_DEPRECATED_OBJC_IMPLEMENTATIONS = YES;
				CLANG_WARN_DIRECT_OBJC_ISA_USAGE = YES_ERROR;
				CLANG_WARN_DOCUMENTATION_COMMENTS = YES;
				CLANG_WARN_EMPTY_BODY = YES;
				CLANG_WARN_ENUM_CONVERSION = YES;
				CLANG_WARN_INFINITE_RECURSION = YES;
				CLANG_WARN_INT_CONVERSION = YES;
				CLANG_WARN_NON_LITERAL_NULL_CONVERSION = YES;
				CLANG_WARN_OBJC_IMPLICIT_RETAIN_SELF = YES;
				CLANG_WARN_OBJC_LITERAL_CONVERSION = YES;
				CLANG_WARN_OBJC_ROOT_CLASS = YES_ERROR;
				CLANG_WARN_RANGE_LOOP_ANALYSIS = YES;
				CLANG_WARN_STRICT_PROTOTYPES = YES;
				CLANG_WARN_SUSPICIOUS_MOVE = YES;
				CLANG_WARN_UNGUARDED_AVAILABILITY = YES_AGGRESSIVE;
				CLANG_WARN_UNREACHABLE_CODE = YES;
				CLANG_WARN__DUPLICATE_METHOD_MATCH = YES;
				COPY_PHASE_STRIP = NO;
				DEBUG_INFORMATION_FORMAT = dwarf;
				ENABLE_STRICT_OBJC_MSGSEND = YES;
				ENABLE_TESTABILITY = YES;
				GCC_C_LANGUAGE_STANDARD = gnu11;
				GCC_DYNAMIC_NO_PIC = NO;
				GCC_NO_COMMON_BLOCKS = YES;
				GCC_OPTIMIZATION_LEVEL = 0;
				GCC_PREPROCESSOR_DEFINITIONS = (
					"DEBUG=1",
					"$(inherited)",
				);
				GCC_WARN_64_TO_32_BIT_CONVERSION = YES;
				GCC_WARN_ABOUT_RETURN_TYPE = YES_ERROR;
				GCC_WARN_UNDECLARED_SELECTOR = YES;
				GCC_WARN_UNINITIALIZED_AUTOS = YES_AGGRESSIVE;
				GCC_WARN_UNUSED_FUNCTION = YES;
				GCC_WARN_UNUSED_VARIABLE = YES;
				IPHONEOS_DEPLOYMENT_TARGET = 13.2;
				MTL_ENABLE_DEBUG_INFO = INCLUDE_SOURCE;
				MTL_FAST_MATH = YES;
				ONLY_ACTIVE_ARCH = YES;
				SDKROOT = iphoneos;
				SWIFT_ACTIVE_COMPILATION_CONDITIONS = DEBUG;
				SWIFT_OPTIMIZATION_LEVEL = "-Onone";
			};
			name = Debug;
		};
		D23F08B223B8729900607A1E /* Release */ = {
			isa = XCBuildConfiguration;
			buildSettings = {
				ALWAYS_SEARCH_USER_PATHS = NO;
				CLANG_ANALYZER_NONNULL = YES;
				CLANG_ANALYZER_NUMBER_OBJECT_CONVERSION = YES_AGGRESSIVE;
				CLANG_CXX_LANGUAGE_STANDARD = "gnu++14";
				CLANG_CXX_LIBRARY = "libc++";
				CLANG_ENABLE_MODULES = YES;
				CLANG_ENABLE_OBJC_ARC = YES;
				CLANG_ENABLE_OBJC_WEAK = YES;
				CLANG_WARN_BLOCK_CAPTURE_AUTORELEASING = YES;
				CLANG_WARN_BOOL_CONVERSION = YES;
				CLANG_WARN_COMMA = YES;
				CLANG_WARN_CONSTANT_CONVERSION = YES;
				CLANG_WARN_DEPRECATED_OBJC_IMPLEMENTATIONS = YES;
				CLANG_WARN_DIRECT_OBJC_ISA_USAGE = YES_ERROR;
				CLANG_WARN_DOCUMENTATION_COMMENTS = YES;
				CLANG_WARN_EMPTY_BODY = YES;
				CLANG_WARN_ENUM_CONVERSION = YES;
				CLANG_WARN_INFINITE_RECURSION = YES;
				CLANG_WARN_INT_CONVERSION = YES;
				CLANG_WARN_NON_LITERAL_NULL_CONVERSION = YES;
				CLANG_WARN_OBJC_IMPLICIT_RETAIN_SELF = YES;
				CLANG_WARN_OBJC_LITERAL_CONVERSION = YES;
				CLANG_WARN_OBJC_ROOT_CLASS = YES_ERROR;
				CLANG_WARN_RANGE_LOOP_ANALYSIS = YES;
				CLANG_WARN_STRICT_PROTOTYPES = YES;
				CLANG_WARN_SUSPICIOUS_MOVE = YES;
				CLANG_WARN_UNGUARDED_AVAILABILITY = YES_AGGRESSIVE;
				CLANG_WARN_UNREACHABLE_CODE = YES;
				CLANG_WARN__DUPLICATE_METHOD_MATCH = YES;
				COPY_PHASE_STRIP = NO;
				DEBUG_INFORMATION_FORMAT = "dwarf-with-dsym";
				ENABLE_NS_ASSERTIONS = NO;
				ENABLE_STRICT_OBJC_MSGSEND = YES;
				GCC_C_LANGUAGE_STANDARD = gnu11;
				GCC_NO_COMMON_BLOCKS = YES;
				GCC_WARN_64_TO_32_BIT_CONVERSION = YES;
				GCC_WARN_ABOUT_RETURN_TYPE = YES_ERROR;
				GCC_WARN_UNDECLARED_SELECTOR = YES;
				GCC_WARN_UNINITIALIZED_AUTOS = YES_AGGRESSIVE;
				GCC_WARN_UNUSED_FUNCTION = YES;
				GCC_WARN_UNUSED_VARIABLE = YES;
				IPHONEOS_DEPLOYMENT_TARGET = 13.2;
				MTL_ENABLE_DEBUG_INFO = NO;
				MTL_FAST_MATH = YES;
				SDKROOT = iphoneos;
				SWIFT_COMPILATION_MODE = wholemodule;
				SWIFT_OPTIMIZATION_LEVEL = "-O";
				VALIDATE_PRODUCT = YES;
			};
			name = Release;
		};
		D23F08B423B8729900607A1E /* Debug */ = {
			isa = XCBuildConfiguration;
			buildSettings = {
				ASSETCATALOG_COMPILER_APPICON_NAME = AppIcon;
				CODE_SIGN_STYLE = Automatic;
				DEVELOPMENT_ASSET_PATHS = "\"demo2/Preview Content\"";
				ENABLE_PREVIEWS = YES;
				INFOPLIST_FILE = demo2/Info.plist;
				LD_RUNPATH_SEARCH_PATHS = (
					"$(inherited)",
					"@executable_path/Frameworks",
				);
				PRODUCT_BUNDLE_IDENTIFIER = com.swift.demo2;
				PRODUCT_NAME = "$(TARGET_NAME)";
				SWIFT_VERSION = 5.0;
				TARGETED_DEVICE_FAMILY = "1,2";
			};
			name = Debug;
		};
		D23F08B523B8729900607A1E /* Release */ = {
			isa = XCBuildConfiguration;
			buildSettings = {
				ASSETCATALOG_COMPILER_APPICON_NAME = AppIcon;
				CODE_SIGN_STYLE = Automatic;
				DEVELOPMENT_ASSET_PATHS = "\"demo2/Preview Content\"";
				ENABLE_PREVIEWS = YES;
				INFOPLIST_FILE = demo2/Info.plist;
				LD_RUNPATH_SEARCH_PATHS = (
					"$(inherited)",
					"@executable_path/Frameworks",
				);
				PRODUCT_BUNDLE_IDENTIFIER = com.swift.demo2;
				PRODUCT_NAME = "$(TARGET_NAME)";
				SWIFT_VERSION = 5.0;
				TARGETED_DEVICE_FAMILY = "1,2";
			};
			name = Release;
		};
		D23F08B723B8729900607A1E /* Debug */ = {
			isa = XCBuildConfiguration;
			buildSettings = {
				ALWAYS_EMBED_SWIFT_STANDARD_LIBRARIES = YES;
				BUNDLE_LOADER = "$(TEST_HOST)";
				CODE_SIGN_STYLE = Automatic;
				INFOPLIST_FILE = demo2Tests/Info.plist;
				IPHONEOS_DEPLOYMENT_TARGET = 13.2;
				LD_RUNPATH_SEARCH_PATHS = (
					"$(inherited)",
					"@executable_path/Frameworks",
					"@loader_path/Frameworks",
				);
				PRODUCT_BUNDLE_IDENTIFIER = com.swift.demo2Tests;
				PRODUCT_NAME = "$(TARGET_NAME)";
				SWIFT_VERSION = 5.0;
				TARGETED_DEVICE_FAMILY = "1,2";
				TEST_HOST = "$(BUILT_PRODUCTS_DIR)/demo2.app/demo2";
			};
			name = Debug;
		};
		D23F08B823B8729900607A1E /* Release */ = {
			isa = XCBuildConfiguration;
			buildSettings = {
				ALWAYS_EMBED_SWIFT_STANDARD_LIBRARIES = YES;
				BUNDLE_LOADER = "$(TEST_HOST)";
				CODE_SIGN_STYLE = Automatic;
				INFOPLIST_FILE = demo2Tests/Info.plist;
				IPHONEOS_DEPLOYMENT_TARGET = 13.2;
				LD_RUNPATH_SEARCH_PATHS = (
					"$(inherited)",
					"@executable_path/Frameworks",
					"@loader_path/Frameworks",
				);
				PRODUCT_BUNDLE_IDENTIFIER = com.swift.demo2Tests;
				PRODUCT_NAME = "$(TARGET_NAME)";
				SWIFT_VERSION = 5.0;
				TARGETED_DEVICE_FAMILY = "1,2";
				TEST_HOST = "$(BUILT_PRODUCTS_DIR)/demo2.app/demo2";
			};
			name = Release;
		};
		D23F08BA23B8729900607A1E /* Debug */ = {
			isa = XCBuildConfiguration;
			buildSettings = {
				ALWAYS_EMBED_SWIFT_STANDARD_LIBRARIES = YES;
				CODE_SIGN_STYLE = Automatic;
				INFOPLIST_FILE = demo2UITests/Info.plist;
				LD_RUNPATH_SEARCH_PATHS = (
					"$(inherited)",
					"@executable_path/Frameworks",
					"@loader_path/Frameworks",
				);
				PRODUCT_BUNDLE_IDENTIFIER = com.swift.demo2UITests;
				PRODUCT_NAME = "$(TARGET_NAME)";
				SWIFT_VERSION = 5.0;
				TARGETED_DEVICE_FAMILY = "1,2";
				TEST_TARGET_NAME = demo2;
			};
			name = Debug;
		};
		D23F08BB23B8729900607A1E /* Release */ = {
			isa = XCBuildConfiguration;
			buildSettings = {
				ALWAYS_EMBED_SWIFT_STANDARD_LIBRARIES = YES;
				CODE_SIGN_STYLE = Automatic;
				INFOPLIST_FILE = demo2UITests/Info.plist;
				LD_RUNPATH_SEARCH_PATHS = (
					"$(inherited)",
					"@executable_path/Frameworks",
					"@loader_path/Frameworks",
				);
				PRODUCT_BUNDLE_IDENTIFIER = com.swift.demo2UITests;
				PRODUCT_NAME = "$(TARGET_NAME)";
				SWIFT_VERSION = 5.0;
				TARGETED_DEVICE_FAMILY = "1,2";
				TEST_TARGET_NAME = demo2;
			};
			name = Release;
		};
/* End XCBuildConfiguration section */

/* Begin XCConfigurationList section */
		D23F088423B8729800607A1E /* Build configuration list for PBXProject "demo2" */ = {
			isa = XCConfigurationList;
			buildConfigurations = (
				D23F08B123B8729900607A1E /* Debug */,
				D23F08B223B8729900607A1E /* Release */,
			);
			defaultConfigurationIsVisible = 0;
			defaultConfigurationName = Release;
		};
		D23F08B323B8729900607A1E /* Build configuration list for PBXNativeTarget "demo2" */ = {
			isa = XCConfigurationList;
			buildConfigurations = (
				D23F08B423B8729900607A1E /* Debug */,
				D23F08B523B8729900607A1E /* Release */,
			);
			defaultConfigurationIsVisible = 0;
			defaultConfigurationName = Release;
		};
		D23F08B623B8729900607A1E /* Build configuration list for PBXNativeTarget "demo2Tests" */ = {
			isa = XCConfigurationList;
			buildConfigurations = (
				D23F08B723B8729900607A1E /* Debug */,
				D23F08B823B8729900607A1E /* Release */,
			);
			defaultConfigurationIsVisible = 0;
			defaultConfigurationName = Release;
		};
		D23F08B923B8729900607A1E /* Build configuration list for PBXNativeTarget "demo2UITests" */ = {
			isa = XCConfigurationList;
			buildConfigurations = (
				D23F08BA23B8729900607A1E /* Debug */,
				D23F08BB23B8729900607A1E /* Release */,
			);
			defaultConfigurationIsVisible = 0;
			defaultConfigurationName = Release;
		};
/* End XCConfigurationList section */
	};
	rootObject = D23F088123B8729800607A1E /* Project object */;
}
